
Microsoft Visual Studio Solution File, Format Version 12.00
# Visual Studio 15
VisualStudioVersion = 15.0.28010.2036
MinimumVisualStudioVersion = 10.0.40219.1
Project("{FAE04EC0-301F-11D3-BF4B-00C04F79EFBC}") = "WpfGitTest", "WpfGitTest\WpfGitTest.csproj", "{723197EE-D7C1-4496-BDD8-ED0C56E84C67}"
EndProject
Global
	GlobalSection(SolutionConfigurationPlatforms) = preSolution
		Debug|Any CPU = Debug|Any CPU
		Release|Any CPU = Release|Any CPU
	EndGlobalSection
	GlobalSection(ProjectConfigurationPlatforms) = postSolution
		{723197EE-D7C1-4496-BDD8-ED0C56E84C67}.Debug|Any CPU.ActiveCfg = Debug|Any CPU
		{723197EE-D7C1-4496-BDD8-ED0C56E84C67}.Debug|Any CPU.Build.0 = Debug|Any CPU
		{723197EE-D7C1-4496-BDD8-ED0C56E84C67}.Release|Any CPU.ActiveCfg = Release|Any CPU
		{723197EE-D7C1-4496-BDD8-ED0C56E84C67}.Release|Any CPU.Build.0 = Release|Any CPU
	EndGlobalSection
	GlobalSection(SolutionProperties) = preSolution
		HideSolutionNode = FALSE
	EndGlobalSection
	GlobalSection(ExtensibilityGlobals) = postSolution
		SolutionGuid = {A0865CED-633D-42C7-88A4-A8FB6FB879A9}
	EndGlobalSection
EndGlobal
